PODS:
  - GRMustache (7.3.2):
    - JRSwizzle (~> 1.0)
  - JRSwizzle (1.0)
  - Shock (1.1.0):
    - GRMustache (~> 7.3.2)
    - Swifter (~> 1.4.6)
  - Swifter (1.4.7)

DEPENDENCIES:
  - Shock (from `../`)

SPEC REPOS:
  https://github.com/cocoapods/specs.git:
    - GRMustache
    - JRSwizzle
    - Swifter

EXTERNAL SOURCES:
  Shock:
    :path: "../"

SPEC CHECKSUMS:
  GRMustache: ebe6104fd30a6d22c1f36af131e19e2dbf7cd292
  JRSwizzle: dd5ead5d913a0f29e7f558200165849f006bb1e3
  Shock: f1e9c33a479427f8dc35b7a898ebacd14005cc61
  Swifter: 2327ef5d872c638aebab79646ce494af508b0c8f

PODFILE CHECKSUM: f2aa1fe1bd8633dab49f7d1b56c94fb4c395c003

COCOAPODS: 1.6.2
