{
  "object": {
    "pins": [
      {
        "package": "Mustache",
        "repositoryURL": "https://github.com/groue/GRMustache.swift",
        "state": {
          "branch": null,
          "revision": "edbe65da33671ca1e93e0751cbbeffc893b48da8",
          "version": "4.1.0"
        }
      },
      {
        "package": "JustLog",
        "repositoryURL": "https://github.com/justeat/JustLog",
        "state": {
          "branch": null,
          "revision": "b9bb34d2ae6d3d5e7d2ef678f588718ed96d643e",
          "version": "4.0.2"
        }
      },
      {
        "package": "swift-nio",
        "repositoryURL": "https://github.com/apple/swift-nio",
        "state": {
          "branch": null,
          "revision": "124119f0bb12384cef35aa041d7c3a686108722d",
          "version": "2.40.0"
        }
      },
      {
        "package": "SwiftyBeaver",
        "repositoryURL": "https://github.com/SwiftyBeaver/SwiftyBeaver",
        "state": {
          "branch": null,
          "revision": "12b5acf96d98f91d50de447369bd18df74600f1a",
          "version": "1.9.6"
        }
      }
    ]
  },
  "version": 1
}
