{
  "object": {
    "pins": [
      {
        "package": "Mustache",
        "repositoryURL": "git@github.com:groue/GRMustache.swift.git",
        "state": {
          "branch": null,
          "revision": "671e2c5234e829c1f337c9d300bd6d9b21d1c42a",
          "version": "4.0.1"
        }
      },
      {
        "package": "swift-nio",
        "repositoryURL": "git@github.com:apple/swift-nio.git",
        "state": {
          "branch": null,
          "revision": "96db8838be60fcbb993fa738e1120fb7f4b99c43",
          "version": "2.22.1"
        }
      }
    ]
  },
  "version": 1
}
